{
  "version": 4,
  "terraform_version": "1.3.3",
  "serial": 10,
  "lineage": "849fefff-b564-83db-ace8-e3c31d6b0d50",
  "outputs": {
    "application_ip": {
      "value": [
        "164.92.83.198"
      ],
      "type": [
        "tuple",
        [
          "string"
        ]
      ]
    },
    "frontend_ip": {
      "value": [
        "164.92.87.82"
      ],
      "type": [
        "tuple",
        [
          "string"
        ]
      ]
    }
  },
  "resources": [
    {
      "mode": "data",
      "type": "digitalocean_project",
      "name": "lab_project",
      "provider": "provider[\"registry.terraform.io/digitalocean/digitalocean\"]",
      "instances": [
        {
          "schema_version": 0,
          "attributes": {
            "created_at": "2022-11-26T23:54:02Z",
            "description": "",
            "environment": "",
            "id": "66c7149c-1cb4-4c79-9c01-59868aa1b520",
            "is_default": false,
            "name": "4640-labs",
            "owner_id": 12755444,
            "owner_uuid": "4e857a17-93de-4dd5-a496-77af6a03c5ae",
            "purpose": "Class project / Educational purposes",
            "resources": [],
            "updated_at": "2022-11-26T23:54:02Z"
          },
          "sensitive_attributes": []
        }
      ]
    },
    {
      "mode": "data",
      "type": "digitalocean_ssh_key",
      "name": "ssh_key",
      "provider": "provider[\"registry.terraform.io/digitalocean/digitalocean\"]",
      "instances": [
        {
          "schema_version": 0,
          "attributes": {
            "fingerprint": "31:6c:ea:78:27:46:5c:df:ac:04:fb:f3:20:ec:6d:d5",
            "id": 36617847,
            "name": "lab4Rocky",
            "public_key": "ssh-rsa AAAAB3NzaC1yc2EAAAADAQABAAABgQC8rxo8VPBMI7qxygJri4VBwultNzZw5uR54lu29y6qE0khUvIeCKM6L89crMHUCOQR7Uy+TU006XZ+UKjzMJlzo+U50XB/OPSq2JYne1nbSJa2JlpxJyiiTIfB953OOUf0ldjR/GrbAy4LgjGyeqXLdj43FoBDiFl9xdVBiyl8O8UmPRVlPDV/QX/6ncEiBpxkJQ6QLLFXwsujF6kjnUGuHoxj7JB0sk5Dh/S0Q9so2xPZ7rlRKH7RkPTnrbJTLTjLRXq+/xiXqBChHKYrPHhJJQguaYHcmVEluRBiILWgH/3Li7czOQUqlyaoCbPy+lyVsz+rru9VWGLwyGuqc1LJJcj4Pf0lQKbDz3jytGTInxfqaWIj2vvR0tehVTXuWBKegmhZLnsMiV5FljuK1TaOmlLyV9hc5cBYViPnZwKBdXcrEpTpon24/63fWupCjRHF9i+aCQcbLdZ63F4033rJ//H2Goby0B/gqzNkq+Zoif0ps11NyJi8TOubjwIpyzE= vagrant@ubuntu-hirsute"
          },
          "sensitive_attributes": []
        }
      ]
    },
    {
      "mode": "managed",
      "type": "digitalocean_droplet",
      "name": "bastion_dp",
      "provider": "provider[\"registry.terraform.io/digitalocean/digitalocean\"]",
      "instances": [
        {
          "schema_version": 1,
          "attributes": {
            "backups": false,
            "created_at": "2022-12-08T00:43:08Z",
            "disk": 10,
            "droplet_agent": null,
            "graceful_shutdown": false,
            "id": "330143725",
            "image": "rockylinux-9-x64",
            "ipv4_address": "164.92.93.57",
            "ipv4_address_private": "10.46.40.2",
            "ipv6": false,
            "ipv6_address": "",
            "locked": false,
            "memory": 512,
            "monitoring": false,
            "name": "bastion-sfo3",
            "price_hourly": 0.00595,
            "price_monthly": 4,
            "private_networking": true,
            "region": "sfo3",
            "resize_disk": true,
            "size": "s-1vcpu-512mb-10gb",
            "ssh_keys": [
              "36617847"
            ],
            "status": "active",
            "tags": [
              "tag7assign01"
            ],
            "timeouts": null,
            "urn": "do:droplet:330143725",
            "user_data": null,
            "vcpus": 1,
            "volume_ids": [],
            "vpc_uuid": "6be4269c-1d81-4bc9-9bac-40dfabadff29"
          },
          "sensitive_attributes": [],
          "private": "eyJlMmJmYjczMC1lY2FhLTExZTYtOGY4OC0zNDM2M2JjN2M0YzAiOnsiY3JlYXRlIjozNjAwMDAwMDAwMDAwLCJkZWxldGUiOjYwMDAwMDAwMDAwLCJ1cGRhdGUiOjM2MDAwMDAwMDAwMDB9LCJzY2hlbWFfdmVyc2lvbiI6IjEifQ==",
          "dependencies": [
            "data.digitalocean_ssh_key.ssh_key",
            "digitalocean_tag.do_tag",
            "digitalocean_vpc.web_vpc"
          ]
        }
      ]
    },
    {
      "mode": "managed",
      "type": "digitalocean_droplet",
      "name": "web",
      "provider": "provider[\"registry.terraform.io/digitalocean/digitalocean\"]",
      "instances": [
        {
          "index_key": 0,
          "schema_version": 1,
          "attributes": {
            "backups": false,
            "created_at": "2022-12-08T00:43:09Z",
            "disk": 10,
            "droplet_agent": null,
            "graceful_shutdown": false,
            "id": "330143727",
            "image": "rockylinux-9-x64",
            "ipv4_address": "164.92.83.198",
            "ipv4_address_private": "10.46.40.3",
            "ipv6": false,
            "ipv6_address": "",
            "locked": false,
            "memory": 512,
            "monitoring": false,
            "name": "application-A01232974",
            "price_hourly": 0.00595,
            "price_monthly": 4,
            "private_networking": true,
            "region": "sfo3",
            "resize_disk": true,
            "size": "s-1vcpu-512mb-10gb",
            "ssh_keys": [
              "36617847"
            ],
            "status": "active",
            "tags": [
              "tag7assign01"
            ],
            "timeouts": null,
            "urn": "do:droplet:330143727",
            "user_data": null,
            "vcpus": 1,
            "volume_ids": [],
            "vpc_uuid": "6be4269c-1d81-4bc9-9bac-40dfabadff29"
          },
          "sensitive_attributes": [],
          "private": "eyJlMmJmYjczMC1lY2FhLTExZTYtOGY4OC0zNDM2M2JjN2M0YzAiOnsiY3JlYXRlIjozNjAwMDAwMDAwMDAwLCJkZWxldGUiOjYwMDAwMDAwMDAwLCJ1cGRhdGUiOjM2MDAwMDAwMDAwMDB9LCJzY2hlbWFfdmVyc2lvbiI6IjEifQ==",
          "dependencies": [
            "data.digitalocean_ssh_key.ssh_key",
            "digitalocean_tag.do_tag",
            "digitalocean_vpc.web_vpc"
          ],
          "create_before_destroy": true
        }
      ]
    },
    {
      "mode": "managed",
      "type": "digitalocean_droplet",
      "name": "web2",
      "provider": "provider[\"registry.terraform.io/digitalocean/digitalocean\"]",
      "instances": [
        {
          "index_key": 0,
          "schema_version": 1,
          "attributes": {
            "backups": false,
            "created_at": "2022-12-08T00:43:09Z",
            "disk": 10,
            "droplet_agent": null,
            "graceful_shutdown": false,
            "id": "330143726",
            "image": "rockylinux-9-x64",
            "ipv4_address": "164.92.87.82",
            "ipv4_address_private": "10.46.40.4",
            "ipv6": false,
            "ipv6_address": "",
            "locked": false,
            "memory": 512,
            "monitoring": false,
            "name": "frontend-A01232974",
            "price_hourly": 0.00595,
            "price_monthly": 4,
            "private_networking": true,
            "region": "sfo3",
            "resize_disk": true,
            "size": "s-1vcpu-512mb-10gb",
            "ssh_keys": [
              "36617847"
            ],
            "status": "active",
            "tags": [
              "tag7assign01"
            ],
            "timeouts": null,
            "urn": "do:droplet:330143726",
            "user_data": null,
            "vcpus": 1,
            "volume_ids": [],
            "vpc_uuid": "6be4269c-1d81-4bc9-9bac-40dfabadff29"
          },
          "sensitive_attributes": [],
          "private": "eyJlMmJmYjczMC1lY2FhLTExZTYtOGY4OC0zNDM2M2JjN2M0YzAiOnsiY3JlYXRlIjozNjAwMDAwMDAwMDAwLCJkZWxldGUiOjYwMDAwMDAwMDAwLCJ1cGRhdGUiOjM2MDAwMDAwMDAwMDB9LCJzY2hlbWFfdmVyc2lvbiI6IjEifQ==",
          "dependencies": [
            "data.digitalocean_ssh_key.ssh_key",
            "digitalocean_tag.do_tag",
            "digitalocean_vpc.web_vpc"
          ],
          "create_before_destroy": true
        }
      ]
    },
    {
      "mode": "managed",
      "type": "digitalocean_firewall",
      "name": "bastion_firewall",
      "provider": "provider[\"registry.terraform.io/digitalocean/digitalocean\"]",
      "instances": [
        {
          "schema_version": 0,
          "attributes": {
            "created_at": "2022-12-08T00:43:39Z",
            "droplet_ids": [
              330143725
            ],
            "id": "e17f166f-1d15-45d4-8435-2c52830e6b28",
            "inbound_rule": [
              {
                "port_range": "22",
                "protocol": "tcp",
                "source_addresses": [
                  "0.0.0.0/0",
                  "::/0"
                ],
                "source_droplet_ids": [],
                "source_kubernetes_ids": [],
                "source_load_balancer_uids": [],
                "source_tags": []
              }
            ],
            "name": "ssh-bastion-firewall",
            "outbound_rule": [
              {
                "destination_addresses": [
                  "10.46.40.0/24"
                ],
                "destination_droplet_ids": [],
                "destination_kubernetes_ids": [],
                "destination_load_balancer_uids": [],
                "destination_tags": [],
                "port_range": "",
                "protocol": "icmp"
              },
              {
                "destination_addresses": [
                  "10.46.40.0/24"
                ],
                "destination_droplet_ids": [],
                "destination_kubernetes_ids": [],
                "destination_load_balancer_uids": [],
                "destination_tags": [],
                "port_range": "22",
                "protocol": "tcp"
              }
            ],
            "pending_changes": [
              {
                "droplet_id": 330143725,
                "removing": false,
                "status": "waiting"
              }
            ],
            "status": "waiting",
            "tags": null
          },
          "sensitive_attributes": [],
          "private": "bnVsbA==",
          "dependencies": [
            "data.digitalocean_ssh_key.ssh_key",
            "digitalocean_droplet.bastion_dp",
            "digitalocean_tag.do_tag",
            "digitalocean_vpc.web_vpc"
          ]
        }
      ]
    },
    {
      "mode": "managed",
      "type": "digitalocean_firewall",
      "name": "web_dp_firewall",
      "provider": "provider[\"registry.terraform.io/digitalocean/digitalocean\"]",
      "instances": [
        {
          "schema_version": 0,
          "attributes": {
            "created_at": "2022-12-08T00:43:39Z",
            "droplet_ids": [
              330143727
            ],
            "id": "03917c16-ee4e-437e-bd02-7cb9a4768360",
            "inbound_rule": [
              {
                "port_range": "",
                "protocol": "icmp",
                "source_addresses": [
                  "10.46.40.0/24"
                ],
                "source_droplet_ids": [],
                "source_kubernetes_ids": [],
                "source_load_balancer_uids": [],
                "source_tags": []
              },
              {
                "port_range": "1-65535",
                "protocol": "tcp",
                "source_addresses": [
                  "10.46.40.0/24"
                ],
                "source_droplet_ids": [],
                "source_kubernetes_ids": [],
                "source_load_balancer_uids": [],
                "source_tags": []
              },
              {
                "port_range": "1-65535",
                "protocol": "udp",
                "source_addresses": [
                  "10.46.40.0/24"
                ],
                "source_droplet_ids": [],
                "source_kubernetes_ids": [],
                "source_load_balancer_uids": [],
                "source_tags": []
              }
            ],
            "name": "web-firewall",
            "outbound_rule": [
              {
                "destination_addresses": [
                  "0.0.0.0/0",
                  "::/0"
                ],
                "destination_droplet_ids": [],
                "destination_kubernetes_ids": [],
                "destination_load_balancer_uids": [],
                "destination_tags": [],
                "port_range": "",
                "protocol": "icmp"
              },
              {
                "destination_addresses": [
                  "0.0.0.0/0",
                  "::/0"
                ],
                "destination_droplet_ids": [],
                "destination_kubernetes_ids": [],
                "destination_load_balancer_uids": [],
                "destination_tags": [],
                "port_range": "443",
                "protocol": "tcp"
              },
              {
                "destination_addresses": [
                  "0.0.0.0/0",
                  "::/0"
                ],
                "destination_droplet_ids": [],
                "destination_kubernetes_ids": [],
                "destination_load_balancer_uids": [],
                "destination_tags": [],
                "port_range": "80",
                "protocol": "tcp"
              },
              {
                "destination_addresses": [
                  "10.46.40.0/24"
                ],
                "destination_droplet_ids": [],
                "destination_kubernetes_ids": [],
                "destination_load_balancer_uids": [],
                "destination_tags": [],
                "port_range": "",
                "protocol": "icmp"
              },
              {
                "destination_addresses": [
                  "10.46.40.0/24"
                ],
                "destination_droplet_ids": [],
                "destination_kubernetes_ids": [],
                "destination_load_balancer_uids": [],
                "destination_tags": [],
                "port_range": "1-65535",
                "protocol": "tcp"
              },
              {
                "destination_addresses": [
                  "10.46.40.0/24"
                ],
                "destination_droplet_ids": [],
                "destination_kubernetes_ids": [],
                "destination_load_balancer_uids": [],
                "destination_tags": [],
                "port_range": "1-65535",
                "protocol": "udp"
              }
            ],
            "pending_changes": [
              {
                "droplet_id": 330143727,
                "removing": false,
                "status": "waiting"
              }
            ],
            "status": "waiting",
            "tags": null
          },
          "sensitive_attributes": [],
          "private": "bnVsbA==",
          "dependencies": [
            "data.digitalocean_ssh_key.ssh_key",
            "digitalocean_droplet.web",
            "digitalocean_tag.do_tag",
            "digitalocean_vpc.web_vpc"
          ]
        }
      ]
    },
    {
      "mode": "managed",
      "type": "digitalocean_loadbalancer",
      "name": "public",
      "provider": "provider[\"registry.terraform.io/digitalocean/digitalocean\"]",
      "instances": [
        {
          "schema_version": 1,
          "attributes": {
            "algorithm": "round_robin",
            "disable_lets_encrypt_dns_records": false,
            "droplet_ids": [
              330143725,
              330143726,
              330143727
            ],
            "droplet_tag": "tag7assign01",
            "enable_backend_keepalive": false,
            "enable_proxy_protocol": false,
            "forwarding_rule": [
              {
                "certificate_id": "",
                "certificate_name": "",
                "entry_port": 80,
                "entry_protocol": "http",
                "target_port": 80,
                "target_protocol": "http",
                "tls_passthrough": false
              }
            ],
            "healthcheck": [
              {
                "check_interval_seconds": 10,
                "healthy_threshold": 5,
                "path": "",
                "port": 22,
                "protocol": "tcp",
                "response_timeout_seconds": 5,
                "unhealthy_threshold": 3
              }
            ],
            "http_idle_timeout_seconds": 60,
            "id": "8b01c2f4-f6ea-4fe0-9af1-4d561909d441",
            "ip": "24.199.71.78",
            "name": "loadbalancer-assign01",
            "project_id": "c021d79c-3826-4467-ab70-dffb65b1c6aa",
            "redirect_http_to_https": false,
            "region": "sfo3",
            "size": null,
            "size_unit": 1,
            "status": "active",
            "sticky_sessions": [
              {
                "cookie_name": "",
                "cookie_ttl_seconds": 0,
                "type": "none"
              }
            ],
            "urn": "do:loadbalancer:8b01c2f4-f6ea-4fe0-9af1-4d561909d441",
            "vpc_uuid": "6be4269c-1d81-4bc9-9bac-40dfabadff29"
          },
          "sensitive_attributes": [],
          "private": "eyJzY2hlbWFfdmVyc2lvbiI6IjEifQ==",
          "dependencies": [
            "digitalocean_vpc.web_vpc"
          ]
        }
      ]
    },
    {
      "mode": "managed",
      "type": "digitalocean_project_resources",
      "name": "project_attach",
      "provider": "provider[\"registry.terraform.io/digitalocean/digitalocean\"]",
      "instances": [
        {
          "schema_version": 0,
          "attributes": {
            "id": "66c7149c-1cb4-4c79-9c01-59868aa1b520",
            "project": "66c7149c-1cb4-4c79-9c01-59868aa1b520",
            "resources": [
              "do:droplet:330143727"
            ]
          },
          "sensitive_attributes": [],
          "private": "bnVsbA==",
          "dependencies": [
            "data.digitalocean_project.lab_project",
            "data.digitalocean_ssh_key.ssh_key",
            "digitalocean_droplet.web",
            "digitalocean_tag.do_tag",
            "digitalocean_vpc.web_vpc"
          ]
        }
      ]
    },
    {
      "mode": "managed",
      "type": "digitalocean_tag",
      "name": "do_tag",
      "provider": "provider[\"registry.terraform.io/digitalocean/digitalocean\"]",
      "instances": [
        {
          "schema_version": 0,
          "attributes": {
            "databases_count": 0,
            "droplets_count": 0,
            "id": "tag7assign01",
            "images_count": 0,
            "name": "tag7assign01",
            "total_resource_count": 0,
            "volume_snapshots_count": 0,
            "volumes_count": 0
          },
          "sensitive_attributes": [],
          "private": "bnVsbA==",
          "create_before_destroy": true
        }
      ]
    },
    {
      "mode": "managed",
      "type": "digitalocean_vpc",
      "name": "web_vpc",
      "provider": "provider[\"registry.terraform.io/digitalocean/digitalocean\"]",
      "instances": [
        {
          "schema_version": 0,
          "attributes": {
            "created_at": "2022-12-08 00:43:08 +0000 UTC",
            "default": false,
            "description": "",
            "id": "6be4269c-1d81-4bc9-9bac-40dfabadff29",
            "ip_range": "10.46.40.0/24",
            "name": "vpcassign01",
            "region": "sfo3",
            "timeouts": null,
            "urn": "do:vpc:6be4269c-1d81-4bc9-9bac-40dfabadff29"
          },
          "sensitive_attributes": [],
          "private": "eyJlMmJmYjczMC1lY2FhLTExZTYtOGY4OC0zNDM2M2JjN2M0YzAiOnsiZGVsZXRlIjoxMjAwMDAwMDAwMDB9fQ==",
          "create_before_destroy": true
        }
      ]
    }
  ],
  "check_results": []
}
